<Solution>
  <Folder Name="/src/">
    <Project Path="src/CleanArchitecture.API/CleanArchitecture.API.csproj" />
    <Project Path="src/CleanArchitecture.Application/CleanArchitecture.Application.csproj" />
    <Project Path="src/CleanArchitecture.Domain/CleanArchitecture.Domain.csproj" />
    <Project Path="src/CleanArchitecture.Infrastructure/CleanArchitecture.Infrastructure.csproj" />
  </Folder>
</Solution>
